
Microsoft Visual Studio Solution File, Format Version 12.00
# Visual Studio Version 17
VisualStudioVersion = 17.7.34221.43
MinimumVisualStudioVersion = 10.0.40219.1
Project("{FAE04EC0-301F-11D3-BF4B-00C04F79EFBC}") = "MyRevitCommands", "MyRevitCommands\MyRevitCommands.csproj", "{643A7051-3E36-4CA1-9FFD-BD6AD09A2965}"
EndProject
Global
	GlobalSection(SolutionConfigurationPlatforms) = preSolution
		Debug|Any CPU = Debug|Any CPU
		Release|Any CPU = Release|Any CPU
	EndGlobalSection
	GlobalSection(ProjectConfigurationPlatforms) = postSolution
		{643A7051-3E36-4CA1-9FFD-BD6AD09A2965}.Debug|Any CPU.ActiveCfg = Debug|Any CPU
		{643A7051-3E36-4CA1-9FFD-BD6AD09A2965}.Debug|Any CPU.Build.0 = Debug|Any CPU
		{643A7051-3E36-4CA1-9FFD-BD6AD09A2965}.Release|Any CPU.ActiveCfg = Release|Any CPU
		{643A7051-3E36-4CA1-9FFD-BD6AD09A2965}.Release|Any CPU.Build.0 = Release|Any CPU
	EndGlobalSection
	GlobalSection(SolutionProperties) = preSolution
		HideSolutionNode = FALSE
	EndGlobalSection
	GlobalSection(ExtensibilityGlobals) = postSolution
		SolutionGuid = {E5C207EF-2CBB-4E26-9484-39A58B21A0C2}
	EndGlobalSection
EndGlobal
